
Microsoft Visual Studio Solution File, Format Version 12.00
# Visual Studio Version 17
VisualStudioVersion = 17.11.35222.181
MinimumVisualStudioVersion = 10.0.40219.1
Project("{9A19103F-16F7-4668-BE54-9A1E7A4F7556}") = "ControlSharp.Api", "ControlSharp.Api\ControlSharp.Api.csproj", "{AE461E48-7E0C-478D-B4B8-9AA9D3E87220}"
EndProject
Project("{9A19103F-16F7-4668-BE54-9A1E7A4F7556}") = "ControlSharp.Mgmt", "ControlSharp.Mgmt\ControlSharp.Mgmt.csproj", "{257E572A-BB54-45EF-A388-EBC6BB1337BB}"
EndProject
Project("{9A19103F-16F7-4668-BE54-9A1E7A4F7556}") = "ControlSharp.Mgmt.Service", "ControlSharp.Mgmt.Service\ControlSharp.Mgmt.Service.csproj", "{E6A9F5DC-302C-440B-B2C4-FCCB633CD944}"
EndProject
Project("{FAE04EC0-301F-11D3-BF4B-00C04F79EFBC}") = "ControlSharp.Ui", "ControlSharp.Ui\ControlSharp.Ui.csproj", "{5377C936-B0C9-44D1-80A2-4E8E5727CD12}"
EndProject
Global
	GlobalSection(SolutionConfigurationPlatforms) = preSolution
		Debug|Any CPU = Debug|Any CPU
		Release|Any CPU = Release|Any CPU
	EndGlobalSection
	GlobalSection(ProjectConfigurationPlatforms) = postSolution
		{AE461E48-7E0C-478D-B4B8-9AA9D3E87220}.Debug|Any CPU.ActiveCfg = Debug|Any CPU
		{AE461E48-7E0C-478D-B4B8-9AA9D3E87220}.Debug|Any CPU.Build.0 = Debug|Any CPU
		{AE461E48-7E0C-478D-B4B8-9AA9D3E87220}.Release|Any CPU.ActiveCfg = Release|Any CPU
		{AE461E48-7E0C-478D-B4B8-9AA9D3E87220}.Release|Any CPU.Build.0 = Release|Any CPU
		{257E572A-BB54-45EF-A388-EBC6BB1337BB}.Debug|Any CPU.ActiveCfg = Debug|Any CPU
		{257E572A-BB54-45EF-A388-EBC6BB1337BB}.Debug|Any CPU.Build.0 = Debug|Any CPU
		{257E572A-BB54-45EF-A388-EBC6BB1337BB}.Release|Any CPU.ActiveCfg = Release|Any CPU
		{257E572A-BB54-45EF-A388-EBC6BB1337BB}.Release|Any CPU.Build.0 = Release|Any CPU
		{BDEFD6AB-B8A6-42BF-97FA-83321BD39CBC}.Debug|Any CPU.ActiveCfg = Debug|Any CPU
		{BDEFD6AB-B8A6-42BF-97FA-83321BD39CBC}.Debug|Any CPU.Build.0 = Debug|Any CPU
		{BDEFD6AB-B8A6-42BF-97FA-83321BD39CBC}.Release|Any CPU.ActiveCfg = Release|Any CPU
		{BDEFD6AB-B8A6-42BF-97FA-83321BD39CBC}.Release|Any CPU.Build.0 = Release|Any CPU
		{E6A9F5DC-302C-440B-B2C4-FCCB633CD944}.Debug|Any CPU.ActiveCfg = Debug|Any CPU
		{E6A9F5DC-302C-440B-B2C4-FCCB633CD944}.Debug|Any CPU.Build.0 = Debug|Any CPU
		{E6A9F5DC-302C-440B-B2C4-FCCB633CD944}.Release|Any CPU.ActiveCfg = Release|Any CPU
		{E6A9F5DC-302C-440B-B2C4-FCCB633CD944}.Release|Any CPU.Build.0 = Release|Any CPU
	EndGlobalSection
	GlobalSection(SolutionProperties) = preSolution
		HideSolutionNode = FALSE
	EndGlobalSection
	GlobalSection(ExtensibilityGlobals) = postSolution
		SolutionGuid = {530628AB-AA92-4D8A-ADD4-205B2A1DCEE8}
	EndGlobalSection
EndGlobal
