
Microsoft Visual Studio Solution File, Format Version 12.00
Project("{FAE04EC0-301F-11D3-BF4B-00C04F79EFBC}") = "ControlSharp.Api", "ControlSharp\ControlSharp.Api.csproj", "{AE461E48-7E0C-478D-B4B8-9AA9D3E87220}"
EndProject
Project("{FAE04EC0-301F-11D3-BF4B-00C04F79EFBC}") = "ControlSharp.Mgmt", "ControlSharp.Mgmt\ControlSharp.Mgmt.csproj", "{257E572A-BB54-45EF-A388-EBC6BB1337BB}"
EndProject
Global
	GlobalSection(SolutionConfigurationPlatforms) = preSolution
		Debug|Any CPU = Debug|Any CPU
		Release|Any CPU = Release|Any CPU
	EndGlobalSection
	GlobalSection(ProjectConfigurationPlatforms) = postSolution
		{AE461E48-7E0C-478D-B4B8-9AA9D3E87220}.Debug|Any CPU.ActiveCfg = Debug|Any CPU
		{AE461E48-7E0C-478D-B4B8-9AA9D3E87220}.Debug|Any CPU.Build.0 = Debug|Any CPU
		{AE461E48-7E0C-478D-B4B8-9AA9D3E87220}.Release|Any CPU.ActiveCfg = Release|Any CPU
		{AE461E48-7E0C-478D-B4B8-9AA9D3E87220}.Release|Any CPU.Build.0 = Release|Any CPU
		{257E572A-BB54-45EF-A388-EBC6BB1337BB}.Debug|Any CPU.ActiveCfg = Debug|Any CPU
		{257E572A-BB54-45EF-A388-EBC6BB1337BB}.Debug|Any CPU.Build.0 = Debug|Any CPU
		{257E572A-BB54-45EF-A388-EBC6BB1337BB}.Release|Any CPU.ActiveCfg = Release|Any CPU
		{257E572A-BB54-45EF-A388-EBC6BB1337BB}.Release|Any CPU.Build.0 = Release|Any CPU
	EndGlobalSection
EndGlobal
